
Microsoft Visual Studio Solution File, Format Version 12.00
# Visual Studio 15
VisualStudioVersion = 15.0.28010.2003
MinimumVisualStudioVersion = 10.0.40219.1
Project("{9A19103F-16F7-4668-BE54-9A1E7A4F7556}") = "MsingBackend", "MsingBackend\MsingBackend.csproj", "{F69257E9-2ABA-412A-88F6-3BFF62856C33}"
EndProject
Project("{9A19103F-16F7-4668-BE54-9A1E7A4F7556}") = "SignalRHub", "SignalRHub\SignalRHub.csproj", "{2B100ECB-1C9D-41E2-A768-C85E56DED5FA}"
EndProject
Project("{9A19103F-16F7-4668-BE54-9A1E7A4F7556}") = "FileReader", "FileReader\FileReader.csproj", "{846B09A0-7A3F-42E1-9651-667BA2F48890}"
EndProject
Project("{9A19103F-16F7-4668-BE54-9A1E7A4F7556}") = "Messages", "Messages\Messages.csproj", "{B93E62C8-94AD-494C-A537-079FE93D666B}"
EndProject
Project("{9A19103F-16F7-4668-BE54-9A1E7A4F7556}") = "IncomingMessageHandler", "IncomingMessageHandler\IncomingMessageHandler.csproj", "{9E022749-19B3-4D38-8C08-7EED68305AB5}"
EndProject
Project("{FAE04EC0-301F-11D3-BF4B-00C04F79EFBC}") = "ConfigValueGetter", "ConfigValueGetter\ConfigValueGetter.csproj", "{799BE744-AC96-4FEA-8050-5C285578E171}"
EndProject
Global
	GlobalSection(SolutionConfigurationPlatforms) = preSolution
		Debug|Any CPU = Debug|Any CPU
		Release|Any CPU = Release|Any CPU
	EndGlobalSection
	GlobalSection(ProjectConfigurationPlatforms) = postSolution
		{F69257E9-2ABA-412A-88F6-3BFF62856C33}.Debug|Any CPU.ActiveCfg = Debug|Any CPU
		{F69257E9-2ABA-412A-88F6-3BFF62856C33}.Debug|Any CPU.Build.0 = Debug|Any CPU
		{F69257E9-2ABA-412A-88F6-3BFF62856C33}.Release|Any CPU.ActiveCfg = Release|Any CPU
		{F69257E9-2ABA-412A-88F6-3BFF62856C33}.Release|Any CPU.Build.0 = Release|Any CPU
		{2B100ECB-1C9D-41E2-A768-C85E56DED5FA}.Debug|Any CPU.ActiveCfg = Debug|Any CPU
		{2B100ECB-1C9D-41E2-A768-C85E56DED5FA}.Debug|Any CPU.Build.0 = Debug|Any CPU
		{2B100ECB-1C9D-41E2-A768-C85E56DED5FA}.Release|Any CPU.ActiveCfg = Release|Any CPU
		{2B100ECB-1C9D-41E2-A768-C85E56DED5FA}.Release|Any CPU.Build.0 = Release|Any CPU
		{846B09A0-7A3F-42E1-9651-667BA2F48890}.Debug|Any CPU.ActiveCfg = Debug|Any CPU
		{846B09A0-7A3F-42E1-9651-667BA2F48890}.Debug|Any CPU.Build.0 = Debug|Any CPU
		{846B09A0-7A3F-42E1-9651-667BA2F48890}.Release|Any CPU.ActiveCfg = Release|Any CPU
		{846B09A0-7A3F-42E1-9651-667BA2F48890}.Release|Any CPU.Build.0 = Release|Any CPU
		{B93E62C8-94AD-494C-A537-079FE93D666B}.Debug|Any CPU.ActiveCfg = Debug|Any CPU
		{B93E62C8-94AD-494C-A537-079FE93D666B}.Debug|Any CPU.Build.0 = Debug|Any CPU
		{B93E62C8-94AD-494C-A537-079FE93D666B}.Release|Any CPU.ActiveCfg = Release|Any CPU
		{B93E62C8-94AD-494C-A537-079FE93D666B}.Release|Any CPU.Build.0 = Release|Any CPU
		{9E022749-19B3-4D38-8C08-7EED68305AB5}.Debug|Any CPU.ActiveCfg = Debug|Any CPU
		{9E022749-19B3-4D38-8C08-7EED68305AB5}.Debug|Any CPU.Build.0 = Debug|Any CPU
		{9E022749-19B3-4D38-8C08-7EED68305AB5}.Release|Any CPU.ActiveCfg = Release|Any CPU
		{9E022749-19B3-4D38-8C08-7EED68305AB5}.Release|Any CPU.Build.0 = Release|Any CPU
		{799BE744-AC96-4FEA-8050-5C285578E171}.Debug|Any CPU.ActiveCfg = Debug|Any CPU
		{799BE744-AC96-4FEA-8050-5C285578E171}.Debug|Any CPU.Build.0 = Debug|Any CPU
		{799BE744-AC96-4FEA-8050-5C285578E171}.Release|Any CPU.ActiveCfg = Release|Any CPU
		{799BE744-AC96-4FEA-8050-5C285578E171}.Release|Any CPU.Build.0 = Release|Any CPU
	EndGlobalSection
	GlobalSection(SolutionProperties) = preSolution
		HideSolutionNode = FALSE
	EndGlobalSection
	GlobalSection(ExtensibilityGlobals) = postSolution
		SolutionGuid = {9FFD91B5-C329-4327-B5F2-46C8CBE75179}
	EndGlobalSection
EndGlobal
